{
  "name": "@pagerland/templates",
  "version": "1.0.0",
  "lockfileVersion": 1,
  "requires": true,
  "dependencies": {
    "gatsby-plugin-root-import": {
      "version": "2.0.5",
      "resolved": "https://registry.npmjs.org/gatsby-plugin-root-import/-/gatsby-plugin-root-import-2.0.5.tgz",
      "integrity": "sha512-/yA6rFjfjiFb8D6nCjfFrrGqYQMkOt4J3u2o6s7VYEF/zpA5dw2C9ENJ5fDKkJSCbbwLiEIGVMMee3vMEip2zA==",
      "dev": true
    }
  }
}
